<?xml version="1.0" encoding="utf-8"?>
<Project ToolsVersion="4.0" xmlns="http://schemas.microsoft.com/developer/msbuild/2003">
  <ItemGroup>
    <Filter Include="소스 파일">
      <UniqueIdentifier>{4FC737F1-C7A5-4376-A066-2A32D752A2FF}</UniqueIdentifier>
      <Extensions>cpp;c;cc;cxx;def;odl;idl;hpj;bat;asm;asmx</Extensions>
    </Filter>
    <Filter Include="헤더 파일">
      <UniqueIdentifier>{93995380-89BD-4b04-88EB-625FBE52EBFB}</UniqueIdentifier>
      <Extensions>h;hh;hpp;hxx;hm;inl;inc;xsd</Extensions>
    </Filter>
    <Filter Include="리소스 파일">
      <UniqueIdentifier>{67DA6AB6-F800-4c08-8B7A-83BB121AAD01}</UniqueIdentifier>
      <Extensions>rc;ico;cur;bmp;dlg;rc2;rct;bin;rgs;gif;jpg;jpeg;jpe;resx;tiff;tif;png;wav;mfcribbon-ms</Extensions>
    </Filter>
    <Filter Include="소스 파일\CObject">
      <UniqueIdentifier>{281f0490-4576-4729-836f-fa593e3141ec}</UniqueIdentifier>
    </Filter>
    <Filter Include="소스 파일\CBuffer">
      <UniqueIdentifier>{bd2066d5-2eac-4041-b0eb-3a7a2da10f62}</UniqueIdentifier>
    </Filter>
    <Filter Include="소스 파일\Network">
      <UniqueIdentifier>{bf6d1b77-2c8f-4ec1-b46e-7efc68a4da31}</UniqueIdentifier>
    </Filter>
    <Filter Include="소스 파일\Rendering">
      <UniqueIdentifier>{99ce039c-97b5-408b-8140-72633ab8af8d}</UniqueIdentifier>
    </Filter>
    <Filter Include="소스 파일\CObject\CPlayer">
      <UniqueIdentifier>{e6e843be-2e85-4427-93d2-467df15df092}</UniqueIdentifier>
    </Filter>
  </ItemGroup>
  <ItemGroup>
    <Text Include="ReadMe.txt" />
  </ItemGroup>
  <ItemGroup>
    <ClInclude Include="stdafx.h">
      <Filter>헤더 파일</Filter>
    </ClInclude>
    <ClInclude Include="targetver.h">
      <Filter>헤더 파일</Filter>
    </ClInclude>
    <ClInclude Include="Resource.h">
      <Filter>헤더 파일</Filter>
    </ClInclude>
    <ClInclude Include="Client.h">
      <Filter>헤더 파일</Filter>
    </ClInclude>
    <ClInclude Include="CRingBuffer.h">
      <Filter>소스 파일\CBuffer</Filter>
    </ClInclude>
    <ClInclude Include="CSerialBuffer.h">
      <Filter>소스 파일\CBuffer</Filter>
    </ClInclude>
    <ClInclude Include="_Protocol.h">
      <Filter>헤더 파일</Filter>
    </ClInclude>
    <ClInclude Include="_DefineEnum.h">
      <Filter>헤더 파일</Filter>
    </ClInclude>
    <ClInclude Include="CFrameSkip.h">
      <Filter>소스 파일\Rendering</Filter>
    </ClInclude>
    <ClInclude Include="CScreenDib.h">
      <Filter>소스 파일\Rendering</Filter>
    </ClInclude>
    <ClInclude Include="CSpriteDib.h">
      <Filter>소스 파일\Rendering</Filter>
    </ClInclude>
    <ClInclude Include="NetworkProc.h">
      <Filter>소스 파일\Network</Filter>
    </ClInclude>
    <ClInclude Include="CBaseObject.h">
      <Filter>소스 파일\CObject</Filter>
    </ClInclude>
    <ClInclude Include="CEffect.h">
      <Filter>소스 파일\CObject</Filter>
    </ClInclude>
    <ClInclude Include="CPlayer.h">
      <Filter>소스 파일\CObject\CPlayer</Filter>
    </ClInclude>
    <ClInclude Include="KeyProcess.h">
      <Filter>소스 파일\CObject\CPlayer</Filter>
    </ClInclude>
    <ClInclude Include="CLinkedlist.h">
      <Filter>소스 파일\CBuffer</Filter>
    </ClInclude>
  </ItemGroup>
  <ItemGroup>
    <ClCompile Include="stdafx.cpp">
      <Filter>소스 파일</Filter>
    </ClCompile>
    <ClCompile Include="Client.cpp">
      <Filter>소스 파일</Filter>
    </ClCompile>
    <ClCompile Include="CRingBuffer.cpp">
      <Filter>소스 파일\CBuffer</Filter>
    </ClCompile>
    <ClCompile Include="CSerialBuffer.cpp">
      <Filter>소스 파일\CBuffer</Filter>
    </ClCompile>
    <ClCompile Include="CBaseObject.cpp">
      <Filter>소스 파일\CObject</Filter>
    </ClCompile>
    <ClCompile Include="KeyProcess.cpp">
      <Filter>소스 파일\CObject\CPlayer</Filter>
    </ClCompile>
    <ClCompile Include="CPlayer.cpp">
      <Filter>소스 파일\CObject\CPlayer</Filter>
    </ClCompile>
    <ClCompile Include="NetworkProc.cpp">
      <Filter>소스 파일\Network</Filter>
    </ClCompile>
    <ClCompile Include="CFrameSkip.cpp">
      <Filter>소스 파일\Rendering</Filter>
    </ClCompile>
    <ClCompile Include="CScreenDib.cpp">
      <Filter>소스 파일\Rendering</Filter>
    </ClCompile>
    <ClCompile Include="CSpriteDib.cpp">
      <Filter>소스 파일\Rendering</Filter>
    </ClCompile>
  </ItemGroup>
  <ItemGroup>
    <ResourceCompile Include="Client.rc">
      <Filter>리소스 파일</Filter>
    </ResourceCompile>
  </ItemGroup>
  <ItemGroup>
    <Image Include="small.ico">
      <Filter>리소스 파일</Filter>
    </Image>
    <Image Include="Client.ico">
      <Filter>리소스 파일</Filter>
    </Image>
  </ItemGroup>
</Project>